
Microsoft Visual Studio Solution File, Format Version 12.00
# Visual Studio Version 17
VisualStudioVersion = 17.4.33213.308
MinimumVisualStudioVersion = 10.0.40219.1
Project("{FAE04EC0-301F-11D3-BF4B-00C04F79EFBC}") = "LocalDbAdminAccess", "_RemoteDbAccess\LocalDbAdminAccess.csproj", "{A714D35C-7D4A-4C91-9693-5726BED491D2}"
EndProject
Project("{FAE04EC0-301F-11D3-BF4B-00C04F79EFBC}") = "Models", "Models\Models.csproj", "{5D65681B-8C66-4392-9104-13DF6BC68F87}"
EndProject
Project("{FAE04EC0-301F-11D3-BF4B-00C04F79EFBC}") = "Context", "Context\Context.csproj", "{FCE889BC-404F-451F-9569-022612F34DA7}"
EndProject
Project("{FAE04EC0-301F-11D3-BF4B-00C04F79EFBC}") = "DBServerConsole", "DBServerConsole\DBServerConsole.csproj", "{A3F1F785-2FBF-4BA6-B704-1F68DDFDD50F}"
EndProject
Project("{FAE04EC0-301F-11D3-BF4B-00C04F79EFBC}") = "ServerClass", "ServerClass\ServerClass.csproj", "{B27AC126-4E72-44AA-911A-177CE3330D67}"
EndProject
Project("{FAE04EC0-301F-11D3-BF4B-00C04F79EFBC}") = "Client", "Client\Client.csproj", "{94002052-B1AA-4AD3-80A2-1070A744398A}"
EndProject
Project("{FAE04EC0-301F-11D3-BF4B-00C04F79EFBC}") = "MessagePacket", "MessagePacket\MessagePacket.csproj", "{4AE01D84-3A45-47A4-B9D7-48454059C228}"
EndProject
Project("{FAE04EC0-301F-11D3-BF4B-00C04F79EFBC}") = "ModelsDTO", "ModelsDTO\ModelsDTO.csproj", "{EDAF837C-D95D-4F12-A2EA-AD8A8B418C9B}"
EndProject
Project("{FAE04EC0-301F-11D3-BF4B-00C04F79EFBC}") = "Remote_App_.Android", "Remote_App_\Remote_App_.Android\Remote_App_.Android.csproj", "{0DD7B6EA-6CB2-4102-9AD1-1CFCBB7902C4}"
EndProject
Project("{9A19103F-16F7-4668-BE54-9A1E7A4F7556}") = "Remote_App_", "Remote_App_\Remote_App_\Remote_App_.csproj", "{65871846-DEE4-4777-8638-CE2ABE2A8AB1}"
EndProject
Global
	GlobalSection(SolutionConfigurationPlatforms) = preSolution
		Debug|Any CPU = Debug|Any CPU
		Debug|ARM = Debug|ARM
		Debug|iPhone = Debug|iPhone
		Debug|iPhoneSimulator = Debug|iPhoneSimulator
		Debug|x64 = Debug|x64
		Debug|x86 = Debug|x86
		Release|Any CPU = Release|Any CPU
		Release|ARM = Release|ARM
		Release|iPhone = Release|iPhone
		Release|iPhoneSimulator = Release|iPhoneSimulator
		Release|x64 = Release|x64
		Release|x86 = Release|x86
	EndGlobalSection
	GlobalSection(ProjectConfigurationPlatforms) = postSolution
		{A714D35C-7D4A-4C91-9693-5726BED491D2}.Debug|Any CPU.ActiveCfg = Debug|Any CPU
		{A714D35C-7D4A-4C91-9693-5726BED491D2}.Debug|Any CPU.Build.0 = Debug|Any CPU
		{A714D35C-7D4A-4C91-9693-5726BED491D2}.Debug|ARM.ActiveCfg = Debug|Any CPU
		{A714D35C-7D4A-4C91-9693-5726BED491D2}.Debug|ARM.Build.0 = Debug|Any CPU
		{A714D35C-7D4A-4C91-9693-5726BED491D2}.Debug|iPhone.ActiveCfg = Debug|Any CPU
		{A714D35C-7D4A-4C91-9693-5726BED491D2}.Debug|iPhone.Build.0 = Debug|Any CPU
		{A714D35C-7D4A-4C91-9693-5726BED491D2}.Debug|iPhoneSimulator.ActiveCfg = Debug|Any CPU
		{A714D35C-7D4A-4C91-9693-5726BED491D2}.Debug|iPhoneSimulator.Build.0 = Debug|Any CPU
		{A714D35C-7D4A-4C91-9693-5726BED491D2}.Debug|x64.ActiveCfg = Debug|Any CPU
		{A714D35C-7D4A-4C91-9693-5726BED491D2}.Debug|x64.Build.0 = Debug|Any CPU
		{A714D35C-7D4A-4C91-9693-5726BED491D2}.Debug|x86.ActiveCfg = Debug|x86
		{A714D35C-7D4A-4C91-9693-5726BED491D2}.Debug|x86.Build.0 = Debug|x86
		{A714D35C-7D4A-4C91-9693-5726BED491D2}.Release|Any CPU.ActiveCfg = Release|Any CPU
		{A714D35C-7D4A-4C91-9693-5726BED491D2}.Release|Any CPU.Build.0 = Release|Any CPU
		{A714D35C-7D4A-4C91-9693-5726BED491D2}.Release|ARM.ActiveCfg = Release|Any CPU
		{A714D35C-7D4A-4C91-9693-5726BED491D2}.Release|ARM.Build.0 = Release|Any CPU
		{A714D35C-7D4A-4C91-9693-5726BED491D2}.Release|iPhone.ActiveCfg = Release|Any CPU
		{A714D35C-7D4A-4C91-9693-5726BED491D2}.Release|iPhone.Build.0 = Release|Any CPU
		{A714D35C-7D4A-4C91-9693-5726BED491D2}.Release|iPhoneSimulator.ActiveCfg = Release|Any CPU
		{A714D35C-7D4A-4C91-9693-5726BED491D2}.Release|iPhoneSimulator.Build.0 = Release|Any CPU
		{A714D35C-7D4A-4C91-9693-5726BED491D2}.Release|x64.ActiveCfg = Release|Any CPU
		{A714D35C-7D4A-4C91-9693-5726BED491D2}.Release|x64.Build.0 = Release|Any CPU
		{A714D35C-7D4A-4C91-9693-5726BED491D2}.Release|x86.ActiveCfg = Release|x86
		{A714D35C-7D4A-4C91-9693-5726BED491D2}.Release|x86.Build.0 = Release|x86
		{5D65681B-8C66-4392-9104-13DF6BC68F87}.Debug|Any CPU.ActiveCfg = Debug|Any CPU
		{5D65681B-8C66-4392-9104-13DF6BC68F87}.Debug|Any CPU.Build.0 = Debug|Any CPU
		{5D65681B-8C66-4392-9104-13DF6BC68F87}.Debug|ARM.ActiveCfg = Debug|Any CPU
		{5D65681B-8C66-4392-9104-13DF6BC68F87}.Debug|ARM.Build.0 = Debug|Any CPU
		{5D65681B-8C66-4392-9104-13DF6BC68F87}.Debug|iPhone.ActiveCfg = Debug|Any CPU
		{5D65681B-8C66-4392-9104-13DF6BC68F87}.Debug|iPhone.Build.0 = Debug|Any CPU
		{5D65681B-8C66-4392-9104-13DF6BC68F87}.Debug|iPhoneSimulator.ActiveCfg = Debug|Any CPU
		{5D65681B-8C66-4392-9104-13DF6BC68F87}.Debug|iPhoneSimulator.Build.0 = Debug|Any CPU
		{5D65681B-8C66-4392-9104-13DF6BC68F87}.Debug|x64.ActiveCfg = Debug|Any CPU
		{5D65681B-8C66-4392-9104-13DF6BC68F87}.Debug|x64.Build.0 = Debug|Any CPU
		{5D65681B-8C66-4392-9104-13DF6BC68F87}.Debug|x86.ActiveCfg = Debug|x86
		{5D65681B-8C66-4392-9104-13DF6BC68F87}.Debug|x86.Build.0 = Debug|x86
		{5D65681B-8C66-4392-9104-13DF6BC68F87}.Release|Any CPU.ActiveCfg = Release|Any CPU
		{5D65681B-8C66-4392-9104-13DF6BC68F87}.Release|Any CPU.Build.0 = Release|Any CPU
		{5D65681B-8C66-4392-9104-13DF6BC68F87}.Release|ARM.ActiveCfg = Release|Any CPU
		{5D65681B-8C66-4392-9104-13DF6BC68F87}.Release|ARM.Build.0 = Release|Any CPU
		{5D65681B-8C66-4392-9104-13DF6BC68F87}.Release|iPhone.ActiveCfg = Release|Any CPU
		{5D65681B-8C66-4392-9104-13DF6BC68F87}.Release|iPhone.Build.0 = Release|Any CPU
		{5D65681B-8C66-4392-9104-13DF6BC68F87}.Release|iPhoneSimulator.ActiveCfg = Release|Any CPU
		{5D65681B-8C66-4392-9104-13DF6BC68F87}.Release|iPhoneSimulator.Build.0 = Release|Any CPU
		{5D65681B-8C66-4392-9104-13DF6BC68F87}.Release|x64.ActiveCfg = Release|Any CPU
		{5D65681B-8C66-4392-9104-13DF6BC68F87}.Release|x64.Build.0 = Release|Any CPU
		{5D65681B-8C66-4392-9104-13DF6BC68F87}.Release|x86.ActiveCfg = Release|x86
		{5D65681B-8C66-4392-9104-13DF6BC68F87}.Release|x86.Build.0 = Release|x86
		{FCE889BC-404F-451F-9569-022612F34DA7}.Debug|Any CPU.ActiveCfg = Debug|Any CPU
		{FCE889BC-404F-451F-9569-022612F34DA7}.Debug|Any CPU.Build.0 = Debug|Any CPU
		{FCE889BC-404F-451F-9569-022612F34DA7}.Debug|ARM.ActiveCfg = Debug|Any CPU
		{FCE889BC-404F-451F-9569-022612F34DA7}.Debug|ARM.Build.0 = Debug|Any CPU
		{FCE889BC-404F-451F-9569-022612F34DA7}.Debug|iPhone.ActiveCfg = Debug|Any CPU
		{FCE889BC-404F-451F-9569-022612F34DA7}.Debug|iPhone.Build.0 = Debug|Any CPU
		{FCE889BC-404F-451F-9569-022612F34DA7}.Debug|iPhoneSimulator.ActiveCfg = Debug|Any CPU
		{FCE889BC-404F-451F-9569-022612F34DA7}.Debug|iPhoneSimulator.Build.0 = Debug|Any CPU
		{FCE889BC-404F-451F-9569-022612F34DA7}.Debug|x64.ActiveCfg = Debug|Any CPU
		{FCE889BC-404F-451F-9569-022612F34DA7}.Debug|x64.Build.0 = Debug|Any CPU
		{FCE889BC-404F-451F-9569-022612F34DA7}.Debug|x86.ActiveCfg = Debug|x86
		{FCE889BC-404F-451F-9569-022612F34DA7}.Debug|x86.Build.0 = Debug|x86
		{FCE889BC-404F-451F-9569-022612F34DA7}.Release|Any CPU.ActiveCfg = Release|Any CPU
		{FCE889BC-404F-451F-9569-022612F34DA7}.Release|Any CPU.Build.0 = Release|Any CPU
		{FCE889BC-404F-451F-9569-022612F34DA7}.Release|ARM.ActiveCfg = Release|Any CPU
		{FCE889BC-404F-451F-9569-022612F34DA7}.Release|ARM.Build.0 = Release|Any CPU
		{FCE889BC-404F-451F-9569-022612F34DA7}.Release|iPhone.ActiveCfg = Release|Any CPU
		{FCE889BC-404F-451F-9569-022612F34DA7}.Release|iPhone.Build.0 = Release|Any CPU
		{FCE889BC-404F-451F-9569-022612F34DA7}.Release|iPhoneSimulator.ActiveCfg = Release|Any CPU
		{FCE889BC-404F-451F-9569-022612F34DA7}.Release|iPhoneSimulator.Build.0 = Release|Any CPU
		{FCE889BC-404F-451F-9569-022612F34DA7}.Release|x64.ActiveCfg = Release|Any CPU
		{FCE889BC-404F-451F-9569-022612F34DA7}.Release|x64.Build.0 = Release|Any CPU
		{FCE889BC-404F-451F-9569-022612F34DA7}.Release|x86.ActiveCfg = Release|x86
		{FCE889BC-404F-451F-9569-022612F34DA7}.Release|x86.Build.0 = Release|x86
		{A3F1F785-2FBF-4BA6-B704-1F68DDFDD50F}.Debug|Any CPU.ActiveCfg = Debug|Any CPU
		{A3F1F785-2FBF-4BA6-B704-1F68DDFDD50F}.Debug|Any CPU.Build.0 = Debug|Any CPU
		{A3F1F785-2FBF-4BA6-B704-1F68DDFDD50F}.Debug|ARM.ActiveCfg = Debug|Any CPU
		{A3F1F785-2FBF-4BA6-B704-1F68DDFDD50F}.Debug|ARM.Build.0 = Debug|Any CPU
		{A3F1F785-2FBF-4BA6-B704-1F68DDFDD50F}.Debug|iPhone.ActiveCfg = Debug|Any CPU
		{A3F1F785-2FBF-4BA6-B704-1F68DDFDD50F}.Debug|iPhone.Build.0 = Debug|Any CPU
		{A3F1F785-2FBF-4BA6-B704-1F68DDFDD50F}.Debug|iPhoneSimulator.ActiveCfg = Debug|Any CPU
		{A3F1F785-2FBF-4BA6-B704-1F68DDFDD50F}.Debug|iPhoneSimulator.Build.0 = Debug|Any CPU
		{A3F1F785-2FBF-4BA6-B704-1F68DDFDD50F}.Debug|x64.ActiveCfg = Debug|Any CPU
		{A3F1F785-2FBF-4BA6-B704-1F68DDFDD50F}.Debug|x64.Build.0 = Debug|Any CPU
		{A3F1F785-2FBF-4BA6-B704-1F68DDFDD50F}.Debug|x86.ActiveCfg = Debug|Any CPU
		{A3F1F785-2FBF-4BA6-B704-1F68DDFDD50F}.Debug|x86.Build.0 = Debug|Any CPU
		{A3F1F785-2FBF-4BA6-B704-1F68DDFDD50F}.Release|Any CPU.ActiveCfg = Release|Any CPU
		{A3F1F785-2FBF-4BA6-B704-1F68DDFDD50F}.Release|Any CPU.Build.0 = Release|Any CPU
		{A3F1F785-2FBF-4BA6-B704-1F68DDFDD50F}.Release|ARM.ActiveCfg = Release|Any CPU
		{A3F1F785-2FBF-4BA6-B704-1F68DDFDD50F}.Release|ARM.Build.0 = Release|Any CPU
		{A3F1F785-2FBF-4BA6-B704-1F68DDFDD50F}.Release|iPhone.ActiveCfg = Release|Any CPU
		{A3F1F785-2FBF-4BA6-B704-1F68DDFDD50F}.Release|iPhone.Build.0 = Release|Any CPU
		{A3F1F785-2FBF-4BA6-B704-1F68DDFDD50F}.Release|iPhoneSimulator.ActiveCfg = Release|Any CPU
		{A3F1F785-2FBF-4BA6-B704-1F68DDFDD50F}.Release|iPhoneSimulator.Build.0 = Release|Any CPU
		{A3F1F785-2FBF-4BA6-B704-1F68DDFDD50F}.Release|x64.ActiveCfg = Release|Any CPU
		{A3F1F785-2FBF-4BA6-B704-1F68DDFDD50F}.Release|x64.Build.0 = Release|Any CPU
		{A3F1F785-2FBF-4BA6-B704-1F68DDFDD50F}.Release|x86.ActiveCfg = Release|Any CPU
		{A3F1F785-2FBF-4BA6-B704-1F68DDFDD50F}.Release|x86.Build.0 = Release|Any CPU
		{B27AC126-4E72-44AA-911A-177CE3330D67}.Debug|Any CPU.ActiveCfg = Debug|Any CPU
		{B27AC126-4E72-44AA-911A-177CE3330D67}.Debug|Any CPU.Build.0 = Debug|Any CPU
		{B27AC126-4E72-44AA-911A-177CE3330D67}.Debug|ARM.ActiveCfg = Debug|Any CPU
		{B27AC126-4E72-44AA-911A-177CE3330D67}.Debug|ARM.Build.0 = Debug|Any CPU
		{B27AC126-4E72-44AA-911A-177CE3330D67}.Debug|iPhone.ActiveCfg = Debug|Any CPU
		{B27AC126-4E72-44AA-911A-177CE3330D67}.Debug|iPhone.Build.0 = Debug|Any CPU
		{B27AC126-4E72-44AA-911A-177CE3330D67}.Debug|iPhoneSimulator.ActiveCfg = Debug|Any CPU
		{B27AC126-4E72-44AA-911A-177CE3330D67}.Debug|iPhoneSimulator.Build.0 = Debug|Any CPU
		{B27AC126-4E72-44AA-911A-177CE3330D67}.Debug|x64.ActiveCfg = Debug|Any CPU
		{B27AC126-4E72-44AA-911A-177CE3330D67}.Debug|x64.Build.0 = Debug|Any CPU
		{B27AC126-4E72-44AA-911A-177CE3330D67}.Debug|x86.ActiveCfg = Debug|Any CPU
		{B27AC126-4E72-44AA-911A-177CE3330D67}.Debug|x86.Build.0 = Debug|Any CPU
		{B27AC126-4E72-44AA-911A-177CE3330D67}.Release|Any CPU.ActiveCfg = Release|Any CPU
		{B27AC126-4E72-44AA-911A-177CE3330D67}.Release|Any CPU.Build.0 = Release|Any CPU
		{B27AC126-4E72-44AA-911A-177CE3330D67}.Release|ARM.ActiveCfg = Release|Any CPU
		{B27AC126-4E72-44AA-911A-177CE3330D67}.Release|ARM.Build.0 = Release|Any CPU
		{B27AC126-4E72-44AA-911A-177CE3330D67}.Release|iPhone.ActiveCfg = Release|Any CPU
		{B27AC126-4E72-44AA-911A-177CE3330D67}.Release|iPhone.Build.0 = Release|Any CPU
		{B27AC126-4E72-44AA-911A-177CE3330D67}.Release|iPhoneSimulator.ActiveCfg = Release|Any CPU
		{B27AC126-4E72-44AA-911A-177CE3330D67}.Release|iPhoneSimulator.Build.0 = Release|Any CPU
		{B27AC126-4E72-44AA-911A-177CE3330D67}.Release|x64.ActiveCfg = Release|Any CPU
		{B27AC126-4E72-44AA-911A-177CE3330D67}.Release|x64.Build.0 = Release|Any CPU
		{B27AC126-4E72-44AA-911A-177CE3330D67}.Release|x86.ActiveCfg = Release|Any CPU
		{B27AC126-4E72-44AA-911A-177CE3330D67}.Release|x86.Build.0 = Release|Any CPU
		{94002052-B1AA-4AD3-80A2-1070A744398A}.Debug|Any CPU.ActiveCfg = Debug|Any CPU
		{94002052-B1AA-4AD3-80A2-1070A744398A}.Debug|Any CPU.Build.0 = Debug|Any CPU
		{94002052-B1AA-4AD3-80A2-1070A744398A}.Debug|ARM.ActiveCfg = Debug|Any CPU
		{94002052-B1AA-4AD3-80A2-1070A744398A}.Debug|ARM.Build.0 = Debug|Any CPU
		{94002052-B1AA-4AD3-80A2-1070A744398A}.Debug|iPhone.ActiveCfg = Debug|Any CPU
		{94002052-B1AA-4AD3-80A2-1070A744398A}.Debug|iPhone.Build.0 = Debug|Any CPU
		{94002052-B1AA-4AD3-80A2-1070A744398A}.Debug|iPhoneSimulator.ActiveCfg = Debug|Any CPU
		{94002052-B1AA-4AD3-80A2-1070A744398A}.Debug|iPhoneSimulator.Build.0 = Debug|Any CPU
		{94002052-B1AA-4AD3-80A2-1070A744398A}.Debug|x64.ActiveCfg = Debug|Any CPU
		{94002052-B1AA-4AD3-80A2-1070A744398A}.Debug|x64.Build.0 = Debug|Any CPU
		{94002052-B1AA-4AD3-80A2-1070A744398A}.Debug|x86.ActiveCfg = Debug|Any CPU
		{94002052-B1AA-4AD3-80A2-1070A744398A}.Debug|x86.Build.0 = Debug|Any CPU
		{94002052-B1AA-4AD3-80A2-1070A744398A}.Release|Any CPU.ActiveCfg = Release|Any CPU
		{94002052-B1AA-4AD3-80A2-1070A744398A}.Release|Any CPU.Build.0 = Release|Any CPU
		{94002052-B1AA-4AD3-80A2-1070A744398A}.Release|ARM.ActiveCfg = Release|Any CPU
		{94002052-B1AA-4AD3-80A2-1070A744398A}.Release|ARM.Build.0 = Release|Any CPU
		{94002052-B1AA-4AD3-80A2-1070A744398A}.Release|iPhone.ActiveCfg = Release|Any CPU
		{94002052-B1AA-4AD3-80A2-1070A744398A}.Release|iPhone.Build.0 = Release|Any CPU
		{94002052-B1AA-4AD3-80A2-1070A744398A}.Release|iPhoneSimulator.ActiveCfg = Release|Any CPU
		{94002052-B1AA-4AD3-80A2-1070A744398A}.Release|iPhoneSimulator.Build.0 = Release|Any CPU
		{94002052-B1AA-4AD3-80A2-1070A744398A}.Release|x64.ActiveCfg = Release|Any CPU
		{94002052-B1AA-4AD3-80A2-1070A744398A}.Release|x64.Build.0 = Release|Any CPU
		{94002052-B1AA-4AD3-80A2-1070A744398A}.Release|x86.ActiveCfg = Release|Any CPU
		{94002052-B1AA-4AD3-80A2-1070A744398A}.Release|x86.Build.0 = Release|Any CPU
		{4AE01D84-3A45-47A4-B9D7-48454059C228}.Debug|Any CPU.ActiveCfg = Debug|Any CPU
		{4AE01D84-3A45-47A4-B9D7-48454059C228}.Debug|Any CPU.Build.0 = Debug|Any CPU
		{4AE01D84-3A45-47A4-B9D7-48454059C228}.Debug|ARM.ActiveCfg = Debug|Any CPU
		{4AE01D84-3A45-47A4-B9D7-48454059C228}.Debug|ARM.Build.0 = Debug|Any CPU
		{4AE01D84-3A45-47A4-B9D7-48454059C228}.Debug|iPhone.ActiveCfg = Debug|Any CPU
		{4AE01D84-3A45-47A4-B9D7-48454059C228}.Debug|iPhone.Build.0 = Debug|Any CPU
		{4AE01D84-3A45-47A4-B9D7-48454059C228}.Debug|iPhoneSimulator.ActiveCfg = Debug|Any CPU
		{4AE01D84-3A45-47A4-B9D7-48454059C228}.Debug|iPhoneSimulator.Build.0 = Debug|Any CPU
		{4AE01D84-3A45-47A4-B9D7-48454059C228}.Debug|x64.ActiveCfg = Debug|Any CPU
		{4AE01D84-3A45-47A4-B9D7-48454059C228}.Debug|x64.Build.0 = Debug|Any CPU
		{4AE01D84-3A45-47A4-B9D7-48454059C228}.Debug|x86.ActiveCfg = Debug|Any CPU
		{4AE01D84-3A45-47A4-B9D7-48454059C228}.Debug|x86.Build.0 = Debug|Any CPU
		{4AE01D84-3A45-47A4-B9D7-48454059C228}.Release|Any CPU.ActiveCfg = Release|Any CPU
		{4AE01D84-3A45-47A4-B9D7-48454059C228}.Release|Any CPU.Build.0 = Release|Any CPU
		{4AE01D84-3A45-47A4-B9D7-48454059C228}.Release|ARM.ActiveCfg = Release|Any CPU
		{4AE01D84-3A45-47A4-B9D7-48454059C228}.Release|ARM.Build.0 = Release|Any CPU
		{4AE01D84-3A45-47A4-B9D7-48454059C228}.Release|iPhone.ActiveCfg = Release|Any CPU
		{4AE01D84-3A45-47A4-B9D7-48454059C228}.Release|iPhone.Build.0 = Release|Any CPU
		{4AE01D84-3A45-47A4-B9D7-48454059C228}.Release|iPhoneSimulator.ActiveCfg = Release|Any CPU
		{4AE01D84-3A45-47A4-B9D7-48454059C228}.Release|iPhoneSimulator.Build.0 = Release|Any CPU
		{4AE01D84-3A45-47A4-B9D7-48454059C228}.Release|x64.ActiveCfg = Release|Any CPU
		{4AE01D84-3A45-47A4-B9D7-48454059C228}.Release|x64.Build.0 = Release|Any CPU
		{4AE01D84-3A45-47A4-B9D7-48454059C228}.Release|x86.ActiveCfg = Release|Any CPU
		{4AE01D84-3A45-47A4-B9D7-48454059C228}.Release|x86.Build.0 = Release|Any CPU
		{EDAF837C-D95D-4F12-A2EA-AD8A8B418C9B}.Debug|Any CPU.ActiveCfg = Debug|Any CPU
		{EDAF837C-D95D-4F12-A2EA-AD8A8B418C9B}.Debug|Any CPU.Build.0 = Debug|Any CPU
		{EDAF837C-D95D-4F12-A2EA-AD8A8B418C9B}.Debug|ARM.ActiveCfg = Debug|Any CPU
		{EDAF837C-D95D-4F12-A2EA-AD8A8B418C9B}.Debug|ARM.Build.0 = Debug|Any CPU
		{EDAF837C-D95D-4F12-A2EA-AD8A8B418C9B}.Debug|iPhone.ActiveCfg = Debug|Any CPU
		{EDAF837C-D95D-4F12-A2EA-AD8A8B418C9B}.Debug|iPhone.Build.0 = Debug|Any CPU
		{EDAF837C-D95D-4F12-A2EA-AD8A8B418C9B}.Debug|iPhoneSimulator.ActiveCfg = Debug|Any CPU
		{EDAF837C-D95D-4F12-A2EA-AD8A8B418C9B}.Debug|iPhoneSimulator.Build.0 = Debug|Any CPU
		{EDAF837C-D95D-4F12-A2EA-AD8A8B418C9B}.Debug|x64.ActiveCfg = Debug|Any CPU
		{EDAF837C-D95D-4F12-A2EA-AD8A8B418C9B}.Debug|x64.Build.0 = Debug|Any CPU
		{EDAF837C-D95D-4F12-A2EA-AD8A8B418C9B}.Debug|x86.ActiveCfg = Debug|Any CPU
		{EDAF837C-D95D-4F12-A2EA-AD8A8B418C9B}.Debug|x86.Build.0 = Debug|Any CPU
		{EDAF837C-D95D-4F12-A2EA-AD8A8B418C9B}.Release|Any CPU.ActiveCfg = Release|Any CPU
		{EDAF837C-D95D-4F12-A2EA-AD8A8B418C9B}.Release|Any CPU.Build.0 = Release|Any CPU
		{EDAF837C-D95D-4F12-A2EA-AD8A8B418C9B}.Release|ARM.ActiveCfg = Release|Any CPU
		{EDAF837C-D95D-4F12-A2EA-AD8A8B418C9B}.Release|ARM.Build.0 = Release|Any CPU
		{EDAF837C-D95D-4F12-A2EA-AD8A8B418C9B}.Release|iPhone.ActiveCfg = Release|Any CPU
		{EDAF837C-D95D-4F12-A2EA-AD8A8B418C9B}.Release|iPhone.Build.0 = Release|Any CPU
		{EDAF837C-D95D-4F12-A2EA-AD8A8B418C9B}.Release|iPhoneSimulator.ActiveCfg = Release|Any CPU
		{EDAF837C-D95D-4F12-A2EA-AD8A8B418C9B}.Release|iPhoneSimulator.Build.0 = Release|Any CPU
		{EDAF837C-D95D-4F12-A2EA-AD8A8B418C9B}.Release|x64.ActiveCfg = Release|Any CPU
		{EDAF837C-D95D-4F12-A2EA-AD8A8B418C9B}.Release|x64.Build.0 = Release|Any CPU
		{EDAF837C-D95D-4F12-A2EA-AD8A8B418C9B}.Release|x86.ActiveCfg = Release|Any CPU
		{EDAF837C-D95D-4F12-A2EA-AD8A8B418C9B}.Release|x86.Build.0 = Release|Any CPU
		{0DD7B6EA-6CB2-4102-9AD1-1CFCBB7902C4}.Debug|Any CPU.ActiveCfg = Debug|Any CPU
		{0DD7B6EA-6CB2-4102-9AD1-1CFCBB7902C4}.Debug|Any CPU.Build.0 = Debug|Any CPU
		{0DD7B6EA-6CB2-4102-9AD1-1CFCBB7902C4}.Debug|Any CPU.Deploy.0 = Debug|Any CPU
		{0DD7B6EA-6CB2-4102-9AD1-1CFCBB7902C4}.Debug|ARM.ActiveCfg = Debug|Any CPU
		{0DD7B6EA-6CB2-4102-9AD1-1CFCBB7902C4}.Debug|ARM.Build.0 = Debug|Any CPU
		{0DD7B6EA-6CB2-4102-9AD1-1CFCBB7902C4}.Debug|ARM.Deploy.0 = Debug|Any CPU
		{0DD7B6EA-6CB2-4102-9AD1-1CFCBB7902C4}.Debug|iPhone.ActiveCfg = Debug|Any CPU
		{0DD7B6EA-6CB2-4102-9AD1-1CFCBB7902C4}.Debug|iPhone.Build.0 = Debug|Any CPU
		{0DD7B6EA-6CB2-4102-9AD1-1CFCBB7902C4}.Debug|iPhone.Deploy.0 = Debug|Any CPU
		{0DD7B6EA-6CB2-4102-9AD1-1CFCBB7902C4}.Debug|iPhoneSimulator.ActiveCfg = Debug|Any CPU
		{0DD7B6EA-6CB2-4102-9AD1-1CFCBB7902C4}.Debug|iPhoneSimulator.Build.0 = Debug|Any CPU
		{0DD7B6EA-6CB2-4102-9AD1-1CFCBB7902C4}.Debug|iPhoneSimulator.Deploy.0 = Debug|Any CPU
		{0DD7B6EA-6CB2-4102-9AD1-1CFCBB7902C4}.Debug|x64.ActiveCfg = Debug|Any CPU
		{0DD7B6EA-6CB2-4102-9AD1-1CFCBB7902C4}.Debug|x64.Build.0 = Debug|Any CPU
		{0DD7B6EA-6CB2-4102-9AD1-1CFCBB7902C4}.Debug|x64.Deploy.0 = Debug|Any CPU
		{0DD7B6EA-6CB2-4102-9AD1-1CFCBB7902C4}.Debug|x86.ActiveCfg = Debug|Any CPU
		{0DD7B6EA-6CB2-4102-9AD1-1CFCBB7902C4}.Debug|x86.Build.0 = Debug|Any CPU
		{0DD7B6EA-6CB2-4102-9AD1-1CFCBB7902C4}.Debug|x86.Deploy.0 = Debug|Any CPU
		{0DD7B6EA-6CB2-4102-9AD1-1CFCBB7902C4}.Release|Any CPU.ActiveCfg = Release|Any CPU
		{0DD7B6EA-6CB2-4102-9AD1-1CFCBB7902C4}.Release|Any CPU.Build.0 = Release|Any CPU
		{0DD7B6EA-6CB2-4102-9AD1-1CFCBB7902C4}.Release|Any CPU.Deploy.0 = Release|Any CPU
		{0DD7B6EA-6CB2-4102-9AD1-1CFCBB7902C4}.Release|ARM.ActiveCfg = Release|Any CPU
		{0DD7B6EA-6CB2-4102-9AD1-1CFCBB7902C4}.Release|ARM.Build.0 = Release|Any CPU
		{0DD7B6EA-6CB2-4102-9AD1-1CFCBB7902C4}.Release|ARM.Deploy.0 = Release|Any CPU
		{0DD7B6EA-6CB2-4102-9AD1-1CFCBB7902C4}.Release|iPhone.ActiveCfg = Release|Any CPU
		{0DD7B6EA-6CB2-4102-9AD1-1CFCBB7902C4}.Release|iPhone.Build.0 = Release|Any CPU
		{0DD7B6EA-6CB2-4102-9AD1-1CFCBB7902C4}.Release|iPhone.Deploy.0 = Release|Any CPU
		{0DD7B6EA-6CB2-4102-9AD1-1CFCBB7902C4}.Release|iPhoneSimulator.ActiveCfg = Release|Any CPU
		{0DD7B6EA-6CB2-4102-9AD1-1CFCBB7902C4}.Release|iPhoneSimulator.Build.0 = Release|Any CPU
		{0DD7B6EA-6CB2-4102-9AD1-1CFCBB7902C4}.Release|iPhoneSimulator.Deploy.0 = Release|Any CPU
		{0DD7B6EA-6CB2-4102-9AD1-1CFCBB7902C4}.Release|x64.ActiveCfg = Release|Any CPU
		{0DD7B6EA-6CB2-4102-9AD1-1CFCBB7902C4}.Release|x64.Build.0 = Release|Any CPU
		{0DD7B6EA-6CB2-4102-9AD1-1CFCBB7902C4}.Release|x64.Deploy.0 = Release|Any CPU
		{0DD7B6EA-6CB2-4102-9AD1-1CFCBB7902C4}.Release|x86.ActiveCfg = Release|Any CPU
		{0DD7B6EA-6CB2-4102-9AD1-1CFCBB7902C4}.Release|x86.Build.0 = Release|Any CPU
		{0DD7B6EA-6CB2-4102-9AD1-1CFCBB7902C4}.Release|x86.Deploy.0 = Release|Any CPU
		{65871846-DEE4-4777-8638-CE2ABE2A8AB1}.Debug|Any CPU.ActiveCfg = Debug|Any CPU
		{65871846-DEE4-4777-8638-CE2ABE2A8AB1}.Debug|Any CPU.Build.0 = Debug|Any CPU
		{65871846-DEE4-4777-8638-CE2ABE2A8AB1}.Debug|ARM.ActiveCfg = Debug|Any CPU
		{65871846-DEE4-4777-8638-CE2ABE2A8AB1}.Debug|ARM.Build.0 = Debug|Any CPU
		{65871846-DEE4-4777-8638-CE2ABE2A8AB1}.Debug|iPhone.ActiveCfg = Debug|Any CPU
		{65871846-DEE4-4777-8638-CE2ABE2A8AB1}.Debug|iPhone.Build.0 = Debug|Any CPU
		{65871846-DEE4-4777-8638-CE2ABE2A8AB1}.Debug|iPhoneSimulator.ActiveCfg = Debug|Any CPU
		{65871846-DEE4-4777-8638-CE2ABE2A8AB1}.Debug|iPhoneSimulator.Build.0 = Debug|Any CPU
		{65871846-DEE4-4777-8638-CE2ABE2A8AB1}.Debug|x64.ActiveCfg = Debug|Any CPU
		{65871846-DEE4-4777-8638-CE2ABE2A8AB1}.Debug|x64.Build.0 = Debug|Any CPU
		{65871846-DEE4-4777-8638-CE2ABE2A8AB1}.Debug|x86.ActiveCfg = Debug|Any CPU
		{65871846-DEE4-4777-8638-CE2ABE2A8AB1}.Debug|x86.Build.0 = Debug|Any CPU
		{65871846-DEE4-4777-8638-CE2ABE2A8AB1}.Release|Any CPU.ActiveCfg = Release|Any CPU
		{65871846-DEE4-4777-8638-CE2ABE2A8AB1}.Release|Any CPU.Build.0 = Release|Any CPU
		{65871846-DEE4-4777-8638-CE2ABE2A8AB1}.Release|ARM.ActiveCfg = Release|Any CPU
		{65871846-DEE4-4777-8638-CE2ABE2A8AB1}.Release|ARM.Build.0 = Release|Any CPU
		{65871846-DEE4-4777-8638-CE2ABE2A8AB1}.Release|iPhone.ActiveCfg = Release|Any CPU
		{65871846-DEE4-4777-8638-CE2ABE2A8AB1}.Release|iPhone.Build.0 = Release|Any CPU
		{65871846-DEE4-4777-8638-CE2ABE2A8AB1}.Release|iPhoneSimulator.ActiveCfg = Release|Any CPU
		{65871846-DEE4-4777-8638-CE2ABE2A8AB1}.Release|iPhoneSimulator.Build.0 = Release|Any CPU
		{65871846-DEE4-4777-8638-CE2ABE2A8AB1}.Release|x64.ActiveCfg = Release|Any CPU
		{65871846-DEE4-4777-8638-CE2ABE2A8AB1}.Release|x64.Build.0 = Release|Any CPU
		{65871846-DEE4-4777-8638-CE2ABE2A8AB1}.Release|x86.ActiveCfg = Release|Any CPU
		{65871846-DEE4-4777-8638-CE2ABE2A8AB1}.Release|x86.Build.0 = Release|Any CPU
	EndGlobalSection
	GlobalSection(SolutionProperties) = preSolution
		HideSolutionNode = FALSE
	EndGlobalSection
	GlobalSection(ExtensibilityGlobals) = postSolution
		SolutionGuid = {4D592DA3-8050-48D3-94A7-B66BA3FBB626}
	EndGlobalSection
EndGlobal
